
Microsoft Visual Studio Solution File, Format Version 12.00
# Visual Studio 15
VisualStudioVersion = 15.0.26124.0
MinimumVisualStudioVersion = 15.0.26124.0
Project("{FAE04EC0-301F-11D3-BF4B-00C04F79EFBC}") = "TestCommon", "..\..\TestCommon\TestCommon.csproj", "{E3787B2F-EE98-4242-8BDA-0E70C644DF83}"
EndProject
Project("{FAE04EC0-301F-11D3-BF4B-00C04F79EFBC}") = "C11.Tests", "C11.Tests\C11.Tests.csproj", "{7EC2348B-7A6B-4C22-8236-0FA9D53E417A}"
EndProject
Project("{FAE04EC0-301F-11D3-BF4B-00C04F79EFBC}") = "C11", "C11\C11.csproj", "{632429AF-34C8-49E0-8F29-87561D2789AE}"
EndProject
Global
	GlobalSection(SolutionConfigurationPlatforms) = preSolution
		Debug|Any CPU = Debug|Any CPU
		Debug|x64 = Debug|x64
		Debug|x86 = Debug|x86
		Release|Any CPU = Release|Any CPU
		Release|x64 = Release|x64
		Release|x86 = Release|x86
	EndGlobalSection
	GlobalSection(SolutionProperties) = preSolution
		HideSolutionNode = FALSE
	EndGlobalSection
	GlobalSection(ProjectConfigurationPlatforms) = postSolution
		{E3787B2F-EE98-4242-8BDA-0E70C644DF83}.Debug|Any CPU.ActiveCfg = Debug|Any CPU
		{E3787B2F-EE98-4242-8BDA-0E70C644DF83}.Debug|Any CPU.Build.0 = Debug|Any CPU
		{E3787B2F-EE98-4242-8BDA-0E70C644DF83}.Debug|x64.ActiveCfg = Debug|Any CPU
		{E3787B2F-EE98-4242-8BDA-0E70C644DF83}.Debug|x64.Build.0 = Debug|Any CPU
		{E3787B2F-EE98-4242-8BDA-0E70C644DF83}.Debug|x86.ActiveCfg = Debug|Any CPU
		{E3787B2F-EE98-4242-8BDA-0E70C644DF83}.Debug|x86.Build.0 = Debug|Any CPU
		{E3787B2F-EE98-4242-8BDA-0E70C644DF83}.Release|Any CPU.ActiveCfg = Release|Any CPU
		{E3787B2F-EE98-4242-8BDA-0E70C644DF83}.Release|Any CPU.Build.0 = Release|Any CPU
		{E3787B2F-EE98-4242-8BDA-0E70C644DF83}.Release|x64.ActiveCfg = Release|Any CPU
		{E3787B2F-EE98-4242-8BDA-0E70C644DF83}.Release|x64.Build.0 = Release|Any CPU
		{E3787B2F-EE98-4242-8BDA-0E70C644DF83}.Release|x86.ActiveCfg = Release|Any CPU
		{E3787B2F-EE98-4242-8BDA-0E70C644DF83}.Release|x86.Build.0 = Release|Any CPU
		{7EC2348B-7A6B-4C22-8236-0FA9D53E417A}.Debug|Any CPU.ActiveCfg = Debug|Any CPU
		{7EC2348B-7A6B-4C22-8236-0FA9D53E417A}.Debug|Any CPU.Build.0 = Debug|Any CPU
		{7EC2348B-7A6B-4C22-8236-0FA9D53E417A}.Debug|x64.ActiveCfg = Debug|Any CPU
		{7EC2348B-7A6B-4C22-8236-0FA9D53E417A}.Debug|x64.Build.0 = Debug|Any CPU
		{7EC2348B-7A6B-4C22-8236-0FA9D53E417A}.Debug|x86.ActiveCfg = Debug|Any CPU
		{7EC2348B-7A6B-4C22-8236-0FA9D53E417A}.Debug|x86.Build.0 = Debug|Any CPU
		{7EC2348B-7A6B-4C22-8236-0FA9D53E417A}.Release|Any CPU.ActiveCfg = Release|Any CPU
		{7EC2348B-7A6B-4C22-8236-0FA9D53E417A}.Release|Any CPU.Build.0 = Release|Any CPU
		{7EC2348B-7A6B-4C22-8236-0FA9D53E417A}.Release|x64.ActiveCfg = Release|Any CPU
		{7EC2348B-7A6B-4C22-8236-0FA9D53E417A}.Release|x64.Build.0 = Release|Any CPU
		{7EC2348B-7A6B-4C22-8236-0FA9D53E417A}.Release|x86.ActiveCfg = Release|Any CPU
		{7EC2348B-7A6B-4C22-8236-0FA9D53E417A}.Release|x86.Build.0 = Release|Any CPU
		{632429AF-34C8-49E0-8F29-87561D2789AE}.Debug|Any CPU.ActiveCfg = Debug|Any CPU
		{632429AF-34C8-49E0-8F29-87561D2789AE}.Debug|Any CPU.Build.0 = Debug|Any CPU
		{632429AF-34C8-49E0-8F29-87561D2789AE}.Debug|x64.ActiveCfg = Debug|Any CPU
		{632429AF-34C8-49E0-8F29-87561D2789AE}.Debug|x64.Build.0 = Debug|Any CPU
		{632429AF-34C8-49E0-8F29-87561D2789AE}.Debug|x86.ActiveCfg = Debug|Any CPU
		{632429AF-34C8-49E0-8F29-87561D2789AE}.Debug|x86.Build.0 = Debug|Any CPU
		{632429AF-34C8-49E0-8F29-87561D2789AE}.Release|Any CPU.ActiveCfg = Release|Any CPU
		{632429AF-34C8-49E0-8F29-87561D2789AE}.Release|Any CPU.Build.0 = Release|Any CPU
		{632429AF-34C8-49E0-8F29-87561D2789AE}.Release|x64.ActiveCfg = Release|Any CPU
		{632429AF-34C8-49E0-8F29-87561D2789AE}.Release|x64.Build.0 = Release|Any CPU
		{632429AF-34C8-49E0-8F29-87561D2789AE}.Release|x86.ActiveCfg = Release|Any CPU
		{632429AF-34C8-49E0-8F29-87561D2789AE}.Release|x86.Build.0 = Release|Any CPU
	EndGlobalSection
EndGlobal
