
Microsoft Visual Studio Solution File, Format Version 12.00
# Visual Studio 15
VisualStudioVersion = 15.0.26124.0
MinimumVisualStudioVersion = 15.0.26124.0
Project("{FAE04EC0-301F-11D3-BF4B-00C04F79EFBC}") = "TestCommon", "..\..\TestCommon\TestCommon.csproj", "{8405FE54-195D-4EF1-A061-A788A9B4B24F}"
EndProject
Project("{FAE04EC0-301F-11D3-BF4B-00C04F79EFBC}") = "C8", "C8\C8.csproj", "{C7C54F29-B00E-4F15-BA3E-ADCCCAE1A4CE}"
EndProject
Project("{FAE04EC0-301F-11D3-BF4B-00C04F79EFBC}") = "C8.Tests", "C8.Tests\C8.Tests.csproj", "{DF4D8BEE-DB3A-45F5-B858-14CC599FA66F}"
EndProject
Global
	GlobalSection(SolutionConfigurationPlatforms) = preSolution
		Debug|Any CPU = Debug|Any CPU
		Debug|x64 = Debug|x64
		Debug|x86 = Debug|x86
		Release|Any CPU = Release|Any CPU
		Release|x64 = Release|x64
		Release|x86 = Release|x86
	EndGlobalSection
	GlobalSection(SolutionProperties) = preSolution
		HideSolutionNode = FALSE
	EndGlobalSection
	GlobalSection(ProjectConfigurationPlatforms) = postSolution
		{8405FE54-195D-4EF1-A061-A788A9B4B24F}.Debug|Any CPU.ActiveCfg = Debug|Any CPU
		{8405FE54-195D-4EF1-A061-A788A9B4B24F}.Debug|Any CPU.Build.0 = Debug|Any CPU
		{8405FE54-195D-4EF1-A061-A788A9B4B24F}.Debug|x64.ActiveCfg = Debug|Any CPU
		{8405FE54-195D-4EF1-A061-A788A9B4B24F}.Debug|x64.Build.0 = Debug|Any CPU
		{8405FE54-195D-4EF1-A061-A788A9B4B24F}.Debug|x86.ActiveCfg = Debug|Any CPU
		{8405FE54-195D-4EF1-A061-A788A9B4B24F}.Debug|x86.Build.0 = Debug|Any CPU
		{8405FE54-195D-4EF1-A061-A788A9B4B24F}.Release|Any CPU.ActiveCfg = Release|Any CPU
		{8405FE54-195D-4EF1-A061-A788A9B4B24F}.Release|Any CPU.Build.0 = Release|Any CPU
		{8405FE54-195D-4EF1-A061-A788A9B4B24F}.Release|x64.ActiveCfg = Release|Any CPU
		{8405FE54-195D-4EF1-A061-A788A9B4B24F}.Release|x64.Build.0 = Release|Any CPU
		{8405FE54-195D-4EF1-A061-A788A9B4B24F}.Release|x86.ActiveCfg = Release|Any CPU
		{8405FE54-195D-4EF1-A061-A788A9B4B24F}.Release|x86.Build.0 = Release|Any CPU
		{C7C54F29-B00E-4F15-BA3E-ADCCCAE1A4CE}.Debug|Any CPU.ActiveCfg = Debug|Any CPU
		{C7C54F29-B00E-4F15-BA3E-ADCCCAE1A4CE}.Debug|Any CPU.Build.0 = Debug|Any CPU
		{C7C54F29-B00E-4F15-BA3E-ADCCCAE1A4CE}.Debug|x64.ActiveCfg = Debug|Any CPU
		{C7C54F29-B00E-4F15-BA3E-ADCCCAE1A4CE}.Debug|x64.Build.0 = Debug|Any CPU
		{C7C54F29-B00E-4F15-BA3E-ADCCCAE1A4CE}.Debug|x86.ActiveCfg = Debug|Any CPU
		{C7C54F29-B00E-4F15-BA3E-ADCCCAE1A4CE}.Debug|x86.Build.0 = Debug|Any CPU
		{C7C54F29-B00E-4F15-BA3E-ADCCCAE1A4CE}.Release|Any CPU.ActiveCfg = Release|Any CPU
		{C7C54F29-B00E-4F15-BA3E-ADCCCAE1A4CE}.Release|Any CPU.Build.0 = Release|Any CPU
		{C7C54F29-B00E-4F15-BA3E-ADCCCAE1A4CE}.Release|x64.ActiveCfg = Release|Any CPU
		{C7C54F29-B00E-4F15-BA3E-ADCCCAE1A4CE}.Release|x64.Build.0 = Release|Any CPU
		{C7C54F29-B00E-4F15-BA3E-ADCCCAE1A4CE}.Release|x86.ActiveCfg = Release|Any CPU
		{C7C54F29-B00E-4F15-BA3E-ADCCCAE1A4CE}.Release|x86.Build.0 = Release|Any CPU
		{DF4D8BEE-DB3A-45F5-B858-14CC599FA66F}.Debug|Any CPU.ActiveCfg = Debug|Any CPU
		{DF4D8BEE-DB3A-45F5-B858-14CC599FA66F}.Debug|Any CPU.Build.0 = Debug|Any CPU
		{DF4D8BEE-DB3A-45F5-B858-14CC599FA66F}.Debug|x64.ActiveCfg = Debug|Any CPU
		{DF4D8BEE-DB3A-45F5-B858-14CC599FA66F}.Debug|x64.Build.0 = Debug|Any CPU
		{DF4D8BEE-DB3A-45F5-B858-14CC599FA66F}.Debug|x86.ActiveCfg = Debug|Any CPU
		{DF4D8BEE-DB3A-45F5-B858-14CC599FA66F}.Debug|x86.Build.0 = Debug|Any CPU
		{DF4D8BEE-DB3A-45F5-B858-14CC599FA66F}.Release|Any CPU.ActiveCfg = Release|Any CPU
		{DF4D8BEE-DB3A-45F5-B858-14CC599FA66F}.Release|Any CPU.Build.0 = Release|Any CPU
		{DF4D8BEE-DB3A-45F5-B858-14CC599FA66F}.Release|x64.ActiveCfg = Release|Any CPU
		{DF4D8BEE-DB3A-45F5-B858-14CC599FA66F}.Release|x64.Build.0 = Release|Any CPU
		{DF4D8BEE-DB3A-45F5-B858-14CC599FA66F}.Release|x86.ActiveCfg = Release|Any CPU
		{DF4D8BEE-DB3A-45F5-B858-14CC599FA66F}.Release|x86.Build.0 = Release|Any CPU
	EndGlobalSection
EndGlobal
